
Microsoft Visual Studio Solution File, Format Version 12.00
# Visual Studio 15
VisualStudioVersion = 15.0.26124.0
MinimumVisualStudioVersion = 15.0.26124.0
Project("{FAE04EC0-301F-11D3-BF4B-00C04F79EFBC}") = "Eventua.API", "Eventua.API\Eventua.API.csproj", "{7F9CAA18-3F6A-46CA-BDF7-497E8985AF83}"
EndProject
Project("{FAE04EC0-301F-11D3-BF4B-00C04F79EFBC}") = "Eventua.Repository", "Eventua.Repository\Eventua.Repository.csproj", "{BDE551E8-4A8E-40AD-86AC-E3EBF13B53F1}"
EndProject
Project("{FAE04EC0-301F-11D3-BF4B-00C04F79EFBC}") = "Eventua.Domain", "Eventua.Domain\Eventua.Domain.csproj", "{020E2999-5164-4518-9CEE-8982F006C86D}"
EndProject
Global
	GlobalSection(SolutionConfigurationPlatforms) = preSolution
		Debug|Any CPU = Debug|Any CPU
		Debug|x64 = Debug|x64
		Debug|x86 = Debug|x86
		Release|Any CPU = Release|Any CPU
		Release|x64 = Release|x64
		Release|x86 = Release|x86
	EndGlobalSection
	GlobalSection(SolutionProperties) = preSolution
		HideSolutionNode = FALSE
	EndGlobalSection
	GlobalSection(ProjectConfigurationPlatforms) = postSolution
		{7F9CAA18-3F6A-46CA-BDF7-497E8985AF83}.Debug|Any CPU.ActiveCfg = Debug|Any CPU
		{7F9CAA18-3F6A-46CA-BDF7-497E8985AF83}.Debug|Any CPU.Build.0 = Debug|Any CPU
		{7F9CAA18-3F6A-46CA-BDF7-497E8985AF83}.Debug|x64.ActiveCfg = Debug|Any CPU
		{7F9CAA18-3F6A-46CA-BDF7-497E8985AF83}.Debug|x64.Build.0 = Debug|Any CPU
		{7F9CAA18-3F6A-46CA-BDF7-497E8985AF83}.Debug|x86.ActiveCfg = Debug|Any CPU
		{7F9CAA18-3F6A-46CA-BDF7-497E8985AF83}.Debug|x86.Build.0 = Debug|Any CPU
		{7F9CAA18-3F6A-46CA-BDF7-497E8985AF83}.Release|Any CPU.ActiveCfg = Release|Any CPU
		{7F9CAA18-3F6A-46CA-BDF7-497E8985AF83}.Release|Any CPU.Build.0 = Release|Any CPU
		{7F9CAA18-3F6A-46CA-BDF7-497E8985AF83}.Release|x64.ActiveCfg = Release|Any CPU
		{7F9CAA18-3F6A-46CA-BDF7-497E8985AF83}.Release|x64.Build.0 = Release|Any CPU
		{7F9CAA18-3F6A-46CA-BDF7-497E8985AF83}.Release|x86.ActiveCfg = Release|Any CPU
		{7F9CAA18-3F6A-46CA-BDF7-497E8985AF83}.Release|x86.Build.0 = Release|Any CPU
		{BDE551E8-4A8E-40AD-86AC-E3EBF13B53F1}.Debug|Any CPU.ActiveCfg = Debug|Any CPU
		{BDE551E8-4A8E-40AD-86AC-E3EBF13B53F1}.Debug|Any CPU.Build.0 = Debug|Any CPU
		{BDE551E8-4A8E-40AD-86AC-E3EBF13B53F1}.Debug|x64.ActiveCfg = Debug|Any CPU
		{BDE551E8-4A8E-40AD-86AC-E3EBF13B53F1}.Debug|x64.Build.0 = Debug|Any CPU
		{BDE551E8-4A8E-40AD-86AC-E3EBF13B53F1}.Debug|x86.ActiveCfg = Debug|Any CPU
		{BDE551E8-4A8E-40AD-86AC-E3EBF13B53F1}.Debug|x86.Build.0 = Debug|Any CPU
		{BDE551E8-4A8E-40AD-86AC-E3EBF13B53F1}.Release|Any CPU.ActiveCfg = Release|Any CPU
		{BDE551E8-4A8E-40AD-86AC-E3EBF13B53F1}.Release|Any CPU.Build.0 = Release|Any CPU
		{BDE551E8-4A8E-40AD-86AC-E3EBF13B53F1}.Release|x64.ActiveCfg = Release|Any CPU
		{BDE551E8-4A8E-40AD-86AC-E3EBF13B53F1}.Release|x64.Build.0 = Release|Any CPU
		{BDE551E8-4A8E-40AD-86AC-E3EBF13B53F1}.Release|x86.ActiveCfg = Release|Any CPU
		{BDE551E8-4A8E-40AD-86AC-E3EBF13B53F1}.Release|x86.Build.0 = Release|Any CPU
		{020E2999-5164-4518-9CEE-8982F006C86D}.Debug|Any CPU.ActiveCfg = Debug|Any CPU
		{020E2999-5164-4518-9CEE-8982F006C86D}.Debug|Any CPU.Build.0 = Debug|Any CPU
		{020E2999-5164-4518-9CEE-8982F006C86D}.Debug|x64.ActiveCfg = Debug|Any CPU
		{020E2999-5164-4518-9CEE-8982F006C86D}.Debug|x64.Build.0 = Debug|Any CPU
		{020E2999-5164-4518-9CEE-8982F006C86D}.Debug|x86.ActiveCfg = Debug|Any CPU
		{020E2999-5164-4518-9CEE-8982F006C86D}.Debug|x86.Build.0 = Debug|Any CPU
		{020E2999-5164-4518-9CEE-8982F006C86D}.Release|Any CPU.ActiveCfg = Release|Any CPU
		{020E2999-5164-4518-9CEE-8982F006C86D}.Release|Any CPU.Build.0 = Release|Any CPU
		{020E2999-5164-4518-9CEE-8982F006C86D}.Release|x64.ActiveCfg = Release|Any CPU
		{020E2999-5164-4518-9CEE-8982F006C86D}.Release|x64.Build.0 = Release|Any CPU
		{020E2999-5164-4518-9CEE-8982F006C86D}.Release|x86.ActiveCfg = Release|Any CPU
		{020E2999-5164-4518-9CEE-8982F006C86D}.Release|x86.Build.0 = Release|Any CPU
	EndGlobalSection
EndGlobal
